
Microsoft Visual Studio Solution File, Format Version 12.00
# Visual Studio Version 16
VisualStudioVersion = 16.0.31702.278
MinimumVisualStudioVersion = 10.0.40219.1
Project("{FAE04EC0-301F-11D3-BF4B-00C04F79EFBC}") = "OpenTKles", "OpenTKles\OpenTKles.csproj", "{FFBB4494-7A6C-484B-A176-89F7E6997909}"
EndProject
Global
	GlobalSection(SolutionConfigurationPlatforms) = preSolution
		Debug|Any CPU = Debug|Any CPU
		Release|Any CPU = Release|Any CPU
	EndGlobalSection
	GlobalSection(ProjectConfigurationPlatforms) = postSolution
		{FFBB4494-7A6C-484B-A176-89F7E6997909}.Debug|Any CPU.ActiveCfg = Debug|Any CPU
		{FFBB4494-7A6C-484B-A176-89F7E6997909}.Debug|Any CPU.Build.0 = Debug|Any CPU
		{FFBB4494-7A6C-484B-A176-89F7E6997909}.Release|Any CPU.ActiveCfg = Release|Any CPU
		{FFBB4494-7A6C-484B-A176-89F7E6997909}.Release|Any CPU.Build.0 = Release|Any CPU
	EndGlobalSection
	GlobalSection(SolutionProperties) = preSolution
		HideSolutionNode = FALSE
	EndGlobalSection
	GlobalSection(ExtensibilityGlobals) = postSolution
		SolutionGuid = {80714A72-FC9E-480F-BDE2-F167F34AB449}
	EndGlobalSection
EndGlobal
